
Microsoft Visual Studio Solution File, Format Version 12.00
# Visual Studio Version 16
VisualStudioVersion = 16.0.29806.167
MinimumVisualStudioVersion = 10.0.40219.1
Project("{FAE04EC0-301F-11D3-BF4B-00C04F79EFBC}") = "Sales.Android", "Sales.Android\Sales.Android.csproj", "{842502CA-BF98-4BA1-9665-C37B24354F11}"
EndProject
Project("{FAE04EC0-301F-11D3-BF4B-00C04F79EFBC}") = "Sales.iOS", "Sales.iOS\Sales.iOS.csproj", "{7E73197C-669B-4744-8841-E67B5D2229E1}"
EndProject
Project("{9A19103F-16F7-4668-BE54-9A1E7A4F7556}") = "Sales", "Sales\Sales.csproj", "{C9809435-C355-4AF0-92A5-1F8055D27546}"
EndProject
Project("{FAE04EC0-301F-11D3-BF4B-00C04F79EFBC}") = "Sales.Backend", "Sales.Backend\Sales.Backend.csproj", "{D671C4F7-C1AB-4518-B42C-59DC2E6715CE}"
EndProject
Project("{FAE04EC0-301F-11D3-BF4B-00C04F79EFBC}") = "Sales.API", "Sales.API\Sales.API.csproj", "{F8BA3721-E5EC-4145-9499-69FD86D4A598}"
EndProject
Global
	GlobalSection(SolutionConfigurationPlatforms) = preSolution
		Debug|Any CPU = Debug|Any CPU
		Debug|iPhone = Debug|iPhone
		Debug|iPhoneSimulator = Debug|iPhoneSimulator
		Release|Any CPU = Release|Any CPU
		Release|iPhone = Release|iPhone
		Release|iPhoneSimulator = Release|iPhoneSimulator
	EndGlobalSection
	GlobalSection(ProjectConfigurationPlatforms) = postSolution
		{842502CA-BF98-4BA1-9665-C37B24354F11}.Debug|Any CPU.ActiveCfg = Debug|Any CPU
		{842502CA-BF98-4BA1-9665-C37B24354F11}.Debug|Any CPU.Build.0 = Debug|Any CPU
		{842502CA-BF98-4BA1-9665-C37B24354F11}.Debug|Any CPU.Deploy.0 = Debug|Any CPU
		{842502CA-BF98-4BA1-9665-C37B24354F11}.Debug|iPhone.ActiveCfg = Debug|Any CPU
		{842502CA-BF98-4BA1-9665-C37B24354F11}.Debug|iPhone.Build.0 = Debug|Any CPU
		{842502CA-BF98-4BA1-9665-C37B24354F11}.Debug|iPhone.Deploy.0 = Debug|Any CPU
		{842502CA-BF98-4BA1-9665-C37B24354F11}.Debug|iPhoneSimulator.ActiveCfg = Debug|Any CPU
		{842502CA-BF98-4BA1-9665-C37B24354F11}.Debug|iPhoneSimulator.Build.0 = Debug|Any CPU
		{842502CA-BF98-4BA1-9665-C37B24354F11}.Debug|iPhoneSimulator.Deploy.0 = Debug|Any CPU
		{842502CA-BF98-4BA1-9665-C37B24354F11}.Release|Any CPU.ActiveCfg = Release|Any CPU
		{842502CA-BF98-4BA1-9665-C37B24354F11}.Release|Any CPU.Build.0 = Release|Any CPU
		{842502CA-BF98-4BA1-9665-C37B24354F11}.Release|Any CPU.Deploy.0 = Release|Any CPU
		{842502CA-BF98-4BA1-9665-C37B24354F11}.Release|iPhone.ActiveCfg = Release|Any CPU
		{842502CA-BF98-4BA1-9665-C37B24354F11}.Release|iPhone.Build.0 = Release|Any CPU
		{842502CA-BF98-4BA1-9665-C37B24354F11}.Release|iPhone.Deploy.0 = Release|Any CPU
		{842502CA-BF98-4BA1-9665-C37B24354F11}.Release|iPhoneSimulator.ActiveCfg = Release|Any CPU
		{842502CA-BF98-4BA1-9665-C37B24354F11}.Release|iPhoneSimulator.Build.0 = Release|Any CPU
		{842502CA-BF98-4BA1-9665-C37B24354F11}.Release|iPhoneSimulator.Deploy.0 = Release|Any CPU
		{7E73197C-669B-4744-8841-E67B5D2229E1}.Debug|Any CPU.ActiveCfg = Debug|iPhoneSimulator
		{7E73197C-669B-4744-8841-E67B5D2229E1}.Debug|Any CPU.Build.0 = Debug|iPhoneSimulator
		{7E73197C-669B-4744-8841-E67B5D2229E1}.Debug|Any CPU.Deploy.0 = Debug|iPhoneSimulator
		{7E73197C-669B-4744-8841-E67B5D2229E1}.Debug|iPhone.ActiveCfg = Debug|iPhone
		{7E73197C-669B-4744-8841-E67B5D2229E1}.Debug|iPhone.Build.0 = Debug|iPhone
		{7E73197C-669B-4744-8841-E67B5D2229E1}.Debug|iPhone.Deploy.0 = Debug|iPhone
		{7E73197C-669B-4744-8841-E67B5D2229E1}.Debug|iPhoneSimulator.ActiveCfg = Debug|iPhoneSimulator
		{7E73197C-669B-4744-8841-E67B5D2229E1}.Debug|iPhoneSimulator.Build.0 = Debug|iPhoneSimulator
		{7E73197C-669B-4744-8841-E67B5D2229E1}.Debug|iPhoneSimulator.Deploy.0 = Debug|iPhoneSimulator
		{7E73197C-669B-4744-8841-E67B5D2229E1}.Release|Any CPU.ActiveCfg = Release|iPhone
		{7E73197C-669B-4744-8841-E67B5D2229E1}.Release|Any CPU.Build.0 = Release|iPhone
		{7E73197C-669B-4744-8841-E67B5D2229E1}.Release|Any CPU.Deploy.0 = Release|iPhone
		{7E73197C-669B-4744-8841-E67B5D2229E1}.Release|iPhone.ActiveCfg = Release|iPhone
		{7E73197C-669B-4744-8841-E67B5D2229E1}.Release|iPhone.Build.0 = Release|iPhone
		{7E73197C-669B-4744-8841-E67B5D2229E1}.Release|iPhone.Deploy.0 = Release|iPhone
		{7E73197C-669B-4744-8841-E67B5D2229E1}.Release|iPhoneSimulator.ActiveCfg = Release|iPhoneSimulator
		{7E73197C-669B-4744-8841-E67B5D2229E1}.Release|iPhoneSimulator.Build.0 = Release|iPhoneSimulator
		{7E73197C-669B-4744-8841-E67B5D2229E1}.Release|iPhoneSimulator.Deploy.0 = Release|iPhoneSimulator
		{C9809435-C355-4AF0-92A5-1F8055D27546}.Debug|Any CPU.ActiveCfg = Debug|Any CPU
		{C9809435-C355-4AF0-92A5-1F8055D27546}.Debug|Any CPU.Build.0 = Debug|Any CPU
		{C9809435-C355-4AF0-92A5-1F8055D27546}.Debug|Any CPU.Deploy.0 = Debug|Any CPU
		{C9809435-C355-4AF0-92A5-1F8055D27546}.Debug|iPhone.ActiveCfg = Debug|Any CPU
		{C9809435-C355-4AF0-92A5-1F8055D27546}.Debug|iPhone.Build.0 = Debug|Any CPU
		{C9809435-C355-4AF0-92A5-1F8055D27546}.Debug|iPhone.Deploy.0 = Debug|Any CPU
		{C9809435-C355-4AF0-92A5-1F8055D27546}.Debug|iPhoneSimulator.ActiveCfg = Debug|Any CPU
		{C9809435-C355-4AF0-92A5-1F8055D27546}.Debug|iPhoneSimulator.Build.0 = Debug|Any CPU
		{C9809435-C355-4AF0-92A5-1F8055D27546}.Debug|iPhoneSimulator.Deploy.0 = Debug|Any CPU
		{C9809435-C355-4AF0-92A5-1F8055D27546}.Release|Any CPU.ActiveCfg = Release|Any CPU
		{C9809435-C355-4AF0-92A5-1F8055D27546}.Release|Any CPU.Build.0 = Release|Any CPU
		{C9809435-C355-4AF0-92A5-1F8055D27546}.Release|Any CPU.Deploy.0 = Release|Any CPU
		{C9809435-C355-4AF0-92A5-1F8055D27546}.Release|iPhone.ActiveCfg = Release|Any CPU
		{C9809435-C355-4AF0-92A5-1F8055D27546}.Release|iPhone.Build.0 = Release|Any CPU
		{C9809435-C355-4AF0-92A5-1F8055D27546}.Release|iPhone.Deploy.0 = Release|Any CPU
		{C9809435-C355-4AF0-92A5-1F8055D27546}.Release|iPhoneSimulator.ActiveCfg = Release|Any CPU
		{C9809435-C355-4AF0-92A5-1F8055D27546}.Release|iPhoneSimulator.Build.0 = Release|Any CPU
		{C9809435-C355-4AF0-92A5-1F8055D27546}.Release|iPhoneSimulator.Deploy.0 = Release|Any CPU
		{D671C4F7-C1AB-4518-B42C-59DC2E6715CE}.Debug|Any CPU.ActiveCfg = Debug|Any CPU
		{D671C4F7-C1AB-4518-B42C-59DC2E6715CE}.Debug|Any CPU.Build.0 = Debug|Any CPU
		{D671C4F7-C1AB-4518-B42C-59DC2E6715CE}.Debug|iPhone.ActiveCfg = Debug|Any CPU
		{D671C4F7-C1AB-4518-B42C-59DC2E6715CE}.Debug|iPhone.Build.0 = Debug|Any CPU
		{D671C4F7-C1AB-4518-B42C-59DC2E6715CE}.Debug|iPhoneSimulator.ActiveCfg = Debug|Any CPU
		{D671C4F7-C1AB-4518-B42C-59DC2E6715CE}.Debug|iPhoneSimulator.Build.0 = Debug|Any CPU
		{D671C4F7-C1AB-4518-B42C-59DC2E6715CE}.Release|Any CPU.ActiveCfg = Release|Any CPU
		{D671C4F7-C1AB-4518-B42C-59DC2E6715CE}.Release|Any CPU.Build.0 = Release|Any CPU
		{D671C4F7-C1AB-4518-B42C-59DC2E6715CE}.Release|iPhone.ActiveCfg = Release|Any CPU
		{D671C4F7-C1AB-4518-B42C-59DC2E6715CE}.Release|iPhone.Build.0 = Release|Any CPU
		{D671C4F7-C1AB-4518-B42C-59DC2E6715CE}.Release|iPhoneSimulator.ActiveCfg = Release|Any CPU
		{D671C4F7-C1AB-4518-B42C-59DC2E6715CE}.Release|iPhoneSimulator.Build.0 = Release|Any CPU
		{F8BA3721-E5EC-4145-9499-69FD86D4A598}.Debug|Any CPU.ActiveCfg = Debug|Any CPU
		{F8BA3721-E5EC-4145-9499-69FD86D4A598}.Debug|Any CPU.Build.0 = Debug|Any CPU
		{F8BA3721-E5EC-4145-9499-69FD86D4A598}.Debug|iPhone.ActiveCfg = Debug|Any CPU
		{F8BA3721-E5EC-4145-9499-69FD86D4A598}.Debug|iPhone.Build.0 = Debug|Any CPU
		{F8BA3721-E5EC-4145-9499-69FD86D4A598}.Debug|iPhoneSimulator.ActiveCfg = Debug|Any CPU
		{F8BA3721-E5EC-4145-9499-69FD86D4A598}.Debug|iPhoneSimulator.Build.0 = Debug|Any CPU
		{F8BA3721-E5EC-4145-9499-69FD86D4A598}.Release|Any CPU.ActiveCfg = Release|Any CPU
		{F8BA3721-E5EC-4145-9499-69FD86D4A598}.Release|Any CPU.Build.0 = Release|Any CPU
		{F8BA3721-E5EC-4145-9499-69FD86D4A598}.Release|iPhone.ActiveCfg = Release|Any CPU
		{F8BA3721-E5EC-4145-9499-69FD86D4A598}.Release|iPhone.Build.0 = Release|Any CPU
		{F8BA3721-E5EC-4145-9499-69FD86D4A598}.Release|iPhoneSimulator.ActiveCfg = Release|Any CPU
		{F8BA3721-E5EC-4145-9499-69FD86D4A598}.Release|iPhoneSimulator.Build.0 = Release|Any CPU
	EndGlobalSection
	GlobalSection(SolutionProperties) = preSolution
		HideSolutionNode = FALSE
	EndGlobalSection
	GlobalSection(ExtensibilityGlobals) = postSolution
		SolutionGuid = {D85DFCDB-2F7B-440A-9F01-8F0FD49E0B87}
	EndGlobalSection
EndGlobal
